
Microsoft Visual Studio Solution File, Format Version 12.00
# Visual Studio 2012
Project("{8BC9CEB8-8B4A-11D0-8D11-00A0C91BC942}") = "disnet", "disnet.vcxproj", "{B89CC37B-84DF-41D4-86D3-34EAEF979369}"
EndProject
Project("{8BC9CEB8-8B4A-11D0-8D11-00A0C91BC942}") = "service_frm", "service_frm\service_frm.vcxproj", "{4D14E0DB-857E-4E5A-8B50-3B84B026ECEA}"
EndProject
Global
	GlobalSection(SolutionConfigurationPlatforms) = preSolution
		Debug|Win32 = Debug|Win32
		Release|Win32 = Release|Win32
	EndGlobalSection
	GlobalSection(ProjectConfigurationPlatforms) = postSolution
		{B89CC37B-84DF-41D4-86D3-34EAEF979369}.Debug|Win32.ActiveCfg = Debug|Win32
		{B89CC37B-84DF-41D4-86D3-34EAEF979369}.Debug|Win32.Build.0 = Debug|Win32
		{B89CC37B-84DF-41D4-86D3-34EAEF979369}.Release|Win32.ActiveCfg = Release|Win32
		{B89CC37B-84DF-41D4-86D3-34EAEF979369}.Release|Win32.Build.0 = Release|Win32
		{4D14E0DB-857E-4E5A-8B50-3B84B026ECEA}.Debug|Win32.ActiveCfg = Debug|Win32
		{4D14E0DB-857E-4E5A-8B50-3B84B026ECEA}.Debug|Win32.Build.0 = Debug|Win32
		{4D14E0DB-857E-4E5A-8B50-3B84B026ECEA}.Release|Win32.ActiveCfg = Release|Win32
		{4D14E0DB-857E-4E5A-8B50-3B84B026ECEA}.Release|Win32.Build.0 = Release|Win32
	EndGlobalSection
	GlobalSection(SolutionProperties) = preSolution
		HideSolutionNode = FALSE
	EndGlobalSection
EndGlobal
