// !$*UTF8*$!
{
	archiveVersion = 1;
	classes = {
	};
	objectVersion = 46;
	objects = {

/* Begin PBXBuildFile section */
		2223B91F17E1BD020055FC14 /* msg_flow.cpp in Sources */ = {isa = PBXBuildFile; fileRef = 2223B91D17E1BD020055FC14 /* msg_flow.cpp */; };
		222AC0F017DF007E0041CE49 /* o_conf.pb.cc in Sources */ = {isa = PBXBuildFile; fileRef = 222AC0AA17DF007E0041CE49 /* o_conf.pb.cc */; };
		222AC0F117DF007E0041CE49 /* o_net_conf.pb.cc in Sources */ = {isa = PBXBuildFile; fileRef = 222AC0AD17DF007E0041CE49 /* o_net_conf.pb.cc */; };
		222AC0F217DF007E0041CE49 /* o_net_ctrl.pb.cc in Sources */ = {isa = PBXBuildFile; fileRef = 222AC0B017DF007E0041CE49 /* o_net_ctrl.pb.cc */; };
		222AC0F417DF007E0041CE49 /* kad_net.cpp in Sources */ = {isa = PBXBuildFile; fileRef = 222AC0B817DF007E0041CE49 /* kad_net.cpp */; };
		222AC0F517DF007E0041CE49 /* kad_net_ctrl.cpp in Sources */ = {isa = PBXBuildFile; fileRef = 222AC0BA17DF007E0041CE49 /* kad_net_ctrl.cpp */; };
		222AC0F617DF007E0041CE49 /* kad_node.cpp in Sources */ = {isa = PBXBuildFile; fileRef = 222AC0BC17DF007E0041CE49 /* kad_node.cpp */; };
		222AC0F717DF007E0041CE49 /* kad_node_netunit.cpp in Sources */ = {isa = PBXBuildFile; fileRef = 222AC0C317DF007E0041CE49 /* kad_node_netunit.cpp */; };
		222AC0F817DF007E0041CE49 /* kad_node_proxy.cpp in Sources */ = {isa = PBXBuildFile; fileRef = 222AC0C517DF007E0041CE49 /* kad_node_proxy.cpp */; };
		222AC0F917DF007E0041CE49 /* MsgDispatchor.cpp in Sources */ = {isa = PBXBuildFile; fileRef = 222AC0C717DF007E0041CE49 /* MsgDispatchor.cpp */; };
		222AC0FA17DF007E0041CE49 /* service_frm.cpp in Sources */ = {isa = PBXBuildFile; fileRef = 222AC0CA17DF007E0041CE49 /* service_frm.cpp */; };
		222AC0FB17DF007E0041CE49 /* static_module.cpp in Sources */ = {isa = PBXBuildFile; fileRef = 222AC0CC17DF007E0041CE49 /* static_module.cpp */; };
		222AC0FD17DF007E0041CE49 /* task_mgr.cpp in Sources */ = {isa = PBXBuildFile; fileRef = 222AC0CF17DF007E0041CE49 /* task_mgr.cpp */; };
		222AC0FE17DF007E0041CE49 /* unit_base.cpp in Sources */ = {isa = PBXBuildFile; fileRef = 222AC0D117DF007E0041CE49 /* unit_base.cpp */; };
		222AC10C17DF020A0041CE49 /* Cocoa.framework in Frameworks */ = {isa = PBXBuildFile; fileRef = 222AC10B17DF020A0041CE49 /* Cocoa.framework */; };
		222AC11A17DF026D0041CE49 /* oriole_object.cpp in Sources */ = {isa = PBXBuildFile; fileRef = 222AC0E017DF007E0041CE49 /* oriole_object.cpp */; };
		222AC11D17DF026D0041CE49 /* oriole_room.cpp in Sources */ = {isa = PBXBuildFile; fileRef = 222AC0E317DF007E0041CE49 /* oriole_room.cpp */; };
		222AC11F17DF026E0041CE49 /* oriole_service.cpp in Sources */ = {isa = PBXBuildFile; fileRef = 222AC0E517DF007E0041CE49 /* oriole_service.cpp */; };
		222AC12117DF026E0041CE49 /* oriole_user.cpp in Sources */ = {isa = PBXBuildFile; fileRef = 222AC0E717DF007E0041CE49 /* oriole_user.cpp */; };
		222AC12317DF028E0041CE49 /* o_s_user.pb.cc in Sources */ = {isa = PBXBuildFile; fileRef = 222AC0B317DF007E0041CE49 /* o_s_user.pb.cc */; };
		222AC13F17DF03300041CE49 /* asiosocket.cpp in Sources */ = {isa = PBXBuildFile; fileRef = 222AC12D17DF03300041CE49 /* asiosocket.cpp */; };
		222AC14017DF03300041CE49 /* asiosocket.h in Headers */ = {isa = PBXBuildFile; fileRef = 222AC12E17DF03300041CE49 /* asiosocket.h */; };
		222AC14117DF03300041CE49 /* bigint.cpp in Sources */ = {isa = PBXBuildFile; fileRef = 222AC12F17DF03300041CE49 /* bigint.cpp */; };
		222AC14217DF03300041CE49 /* bigint.h in Headers */ = {isa = PBXBuildFile; fileRef = 222AC13017DF03300041CE49 /* bigint.h */; };
		222AC14317DF03300041CE49 /* cross_macro.h in Headers */ = {isa = PBXBuildFile; fileRef = 222AC13117DF03300041CE49 /* cross_macro.h */; };
		222AC14417DF03300041CE49 /* iosUtils.h in Headers */ = {isa = PBXBuildFile; fileRef = 222AC13217DF03300041CE49 /* iosUtils.h */; };
		222AC14517DF03300041CE49 /* logmacro.h in Headers */ = {isa = PBXBuildFile; fileRef = 222AC13317DF03300041CE49 /* logmacro.h */; };
		222AC14617DF03300041CE49 /* macUtils.cpp in Sources */ = {isa = PBXBuildFile; fileRef = 222AC13417DF03300041CE49 /* macUtils.cpp */; };
		222AC14717DF03300041CE49 /* macUtils.h in Headers */ = {isa = PBXBuildFile; fileRef = 222AC13517DF03300041CE49 /* macUtils.h */; };
		222AC14817DF03300041CE49 /* oslog.cpp in Sources */ = {isa = PBXBuildFile; fileRef = 222AC13917DF03300041CE49 /* oslog.cpp */; };
		222AC14917DF03300041CE49 /* oslog.h in Headers */ = {isa = PBXBuildFile; fileRef = 222AC13A17DF03300041CE49 /* oslog.h */; };
		222AC14A17DF03300041CE49 /* ospch.h in Headers */ = {isa = PBXBuildFile; fileRef = 222AC13B17DF03300041CE49 /* ospch.h */; };
		222AC14B17DF03300041CE49 /* osutil.cpp in Sources */ = {isa = PBXBuildFile; fileRef = 222AC13C17DF03300041CE49 /* osutil.cpp */; };
		222AC14C17DF03300041CE49 /* osutils.h in Headers */ = {isa = PBXBuildFile; fileRef = 222AC13D17DF03300041CE49 /* osutils.h */; };
		22BD32FE17DF0C04003F0203 /* libosutil.a in Frameworks */ = {isa = PBXBuildFile; fileRef = 222AC12817DF030F0041CE49 /* libosutil.a */; };
		22BD32FF17DF0C0D003F0203 /* libosutil.a in Frameworks */ = {isa = PBXBuildFile; fileRef = 222AC12817DF030F0041CE49 /* libosutil.a */; };
		22C2EFB317DF247A00A0E9D7 /* liblog4cpp.a in Frameworks */ = {isa = PBXBuildFile; fileRef = 22C2EFB217DF246000A0E9D7 /* liblog4cpp.a */; };
/* End PBXBuildFile section */

/* Begin PBXContainerItemProxy section */
		22C2EFB117DF246000A0E9D7 /* PBXContainerItemProxy */ = {
			isa = PBXContainerItemProxy;
			containerPortal = 22C2EFAD17DF246000A0E9D7 /* log4cpp.xcodeproj */;
			proxyType = 2;
			remoteGlobalIDString = 22BD330917DF2298003F0203;
			remoteInfo = log4cpp;
		};
/* End PBXContainerItemProxy section */

/* Begin PBXCopyFilesBuildPhase section */
		222AC07A17DEFF9F0041CE49 /* CopyFiles */ = {
			isa = PBXCopyFilesBuildPhase;
			buildActionMask = 2147483647;
			dstPath = /usr/share/man/man1/;
			dstSubfolderSpec = 0;
			files = (
			);
			runOnlyForDeploymentPostprocessing = 1;
		};
/* End PBXCopyFilesBuildPhase section */

/* Begin PBXFileReference section */
		2223B91D17E1BD020055FC14 /* msg_flow.cpp */ = {isa = PBXFileReference; fileEncoding = 4; lastKnownFileType = sourcecode.cpp.cpp; path = msg_flow.cpp; sourceTree = "<group>"; };
		2223B91E17E1BD020055FC14 /* msg_flow.h */ = {isa = PBXFileReference; fileEncoding = 4; lastKnownFileType = sourcecode.c.h; path = msg_flow.h; sourceTree = "<group>"; };
		222AC07C17DEFF9F0041CE49 /* kad_node */ = {isa = PBXFileReference; explicitFileType = "compiled.mach-o.executable"; includeInIndex = 0; path = kad_node; sourceTree = BUILT_PRODUCTS_DIR; };
		222AC0AA17DF007E0041CE49 /* o_conf.pb.cc */ = {isa = PBXFileReference; fileEncoding = 4; lastKnownFileType = sourcecode.cpp.cpp; path = o_conf.pb.cc; sourceTree = "<group>"; };
		222AC0AB17DF007E0041CE49 /* o_conf.pb.h */ = {isa = PBXFileReference; fileEncoding = 4; lastKnownFileType = sourcecode.c.h; path = o_conf.pb.h; sourceTree = "<group>"; };
		222AC0AC17DF007E0041CE49 /* o_conf.proto */ = {isa = PBXFileReference; fileEncoding = 4; lastKnownFileType = text; path = o_conf.proto; sourceTree = "<group>"; };
		222AC0AD17DF007E0041CE49 /* o_net_conf.pb.cc */ = {isa = PBXFileReference; fileEncoding = 4; lastKnownFileType = sourcecode.cpp.cpp; path = o_net_conf.pb.cc; sourceTree = "<group>"; };
		222AC0AE17DF007E0041CE49 /* o_net_conf.pb.h */ = {isa = PBXFileReference; fileEncoding = 4; lastKnownFileType = sourcecode.c.h; path = o_net_conf.pb.h; sourceTree = "<group>"; };
		222AC0AF17DF007E0041CE49 /* o_net_conf.proto */ = {isa = PBXFileReference; fileEncoding = 4; lastKnownFileType = text; path = o_net_conf.proto; sourceTree = "<group>"; };
		222AC0B017DF007E0041CE49 /* o_net_ctrl.pb.cc */ = {isa = PBXFileReference; fileEncoding = 4; lastKnownFileType = sourcecode.cpp.cpp; path = o_net_ctrl.pb.cc; sourceTree = "<group>"; };
		222AC0B117DF007E0041CE49 /* o_net_ctrl.pb.h */ = {isa = PBXFileReference; fileEncoding = 4; lastKnownFileType = sourcecode.c.h; path = o_net_ctrl.pb.h; sourceTree = "<group>"; };
		222AC0B217DF007E0041CE49 /* o_net_ctrl.proto */ = {isa = PBXFileReference; fileEncoding = 4; lastKnownFileType = text; path = o_net_ctrl.proto; sourceTree = "<group>"; };
		222AC0B317DF007E0041CE49 /* o_s_user.pb.cc */ = {isa = PBXFileReference; fileEncoding = 4; lastKnownFileType = sourcecode.cpp.cpp; path = o_s_user.pb.cc; sourceTree = "<group>"; };
		222AC0B417DF007E0041CE49 /* o_s_user.pb.h */ = {isa = PBXFileReference; fileEncoding = 4; lastKnownFileType = sourcecode.c.h; path = o_s_user.pb.h; sourceTree = "<group>"; };
		222AC0B517DF007E0041CE49 /* o_s_user.proto */ = {isa = PBXFileReference; fileEncoding = 4; lastKnownFileType = text; path = o_s_user.proto; sourceTree = "<group>"; };
		222AC0B817DF007E0041CE49 /* kad_net.cpp */ = {isa = PBXFileReference; fileEncoding = 4; lastKnownFileType = sourcecode.cpp.cpp; path = kad_net.cpp; sourceTree = "<group>"; };
		222AC0B917DF007E0041CE49 /* kad_net.h */ = {isa = PBXFileReference; fileEncoding = 4; lastKnownFileType = sourcecode.c.h; path = kad_net.h; sourceTree = "<group>"; };
		222AC0BA17DF007E0041CE49 /* kad_net_ctrl.cpp */ = {isa = PBXFileReference; fileEncoding = 4; lastKnownFileType = sourcecode.cpp.cpp; path = kad_net_ctrl.cpp; sourceTree = "<group>"; };
		222AC0BB17DF007E0041CE49 /* kad_net_ctrl.h */ = {isa = PBXFileReference; fileEncoding = 4; lastKnownFileType = sourcecode.c.h; path = kad_net_ctrl.h; sourceTree = "<group>"; };
		222AC0BC17DF007E0041CE49 /* kad_node.cpp */ = {isa = PBXFileReference; fileEncoding = 4; lastKnownFileType = sourcecode.cpp.cpp; path = kad_node.cpp; sourceTree = "<group>"; };
		222AC0C317DF007E0041CE49 /* kad_node_netunit.cpp */ = {isa = PBXFileReference; fileEncoding = 4; lastKnownFileType = sourcecode.cpp.cpp; path = kad_node_netunit.cpp; sourceTree = "<group>"; };
		222AC0C417DF007E0041CE49 /* kad_node_netunit.h */ = {isa = PBXFileReference; fileEncoding = 4; lastKnownFileType = sourcecode.c.h; path = kad_node_netunit.h; sourceTree = "<group>"; };
		222AC0C517DF007E0041CE49 /* kad_node_proxy.cpp */ = {isa = PBXFileReference; fileEncoding = 4; lastKnownFileType = sourcecode.cpp.cpp; path = kad_node_proxy.cpp; sourceTree = "<group>"; };
		222AC0C617DF007E0041CE49 /* kad_node_proxy.h */ = {isa = PBXFileReference; fileEncoding = 4; lastKnownFileType = sourcecode.c.h; path = kad_node_proxy.h; sourceTree = "<group>"; };
		222AC0C717DF007E0041CE49 /* MsgDispatchor.cpp */ = {isa = PBXFileReference; fileEncoding = 4; lastKnownFileType = sourcecode.cpp.cpp; path = MsgDispatchor.cpp; sourceTree = "<group>"; };
		222AC0C817DF007E0041CE49 /* MsgDispatchor.h */ = {isa = PBXFileReference; fileEncoding = 4; lastKnownFileType = sourcecode.c.h; path = MsgDispatchor.h; sourceTree = "<group>"; };
		222AC0C917DF007E0041CE49 /* ReadMe.txt */ = {isa = PBXFileReference; fileEncoding = 4; lastKnownFileType = text; path = ReadMe.txt; sourceTree = "<group>"; };
		222AC0CA17DF007E0041CE49 /* service_frm.cpp */ = {isa = PBXFileReference; fileEncoding = 4; lastKnownFileType = sourcecode.cpp.cpp; path = service_frm.cpp; sourceTree = "<group>"; };
		222AC0CB17DF007E0041CE49 /* service_frm.h */ = {isa = PBXFileReference; fileEncoding = 4; lastKnownFileType = sourcecode.c.h; path = service_frm.h; sourceTree = "<group>"; };
		222AC0CC17DF007E0041CE49 /* static_module.cpp */ = {isa = PBXFileReference; fileEncoding = 4; lastKnownFileType = sourcecode.cpp.cpp; path = static_module.cpp; sourceTree = "<group>"; };
		222AC0CE17DF007E0041CE49 /* stdafx.h */ = {isa = PBXFileReference; fileEncoding = 4; lastKnownFileType = sourcecode.c.h; path = stdafx.h; sourceTree = "<group>"; };
		222AC0CF17DF007E0041CE49 /* task_mgr.cpp */ = {isa = PBXFileReference; fileEncoding = 4; lastKnownFileType = sourcecode.cpp.cpp; path = task_mgr.cpp; sourceTree = "<group>"; };
		222AC0D017DF007E0041CE49 /* task_mgr.h */ = {isa = PBXFileReference; fileEncoding = 4; lastKnownFileType = sourcecode.c.h; path = task_mgr.h; sourceTree = "<group>"; };
		222AC0D117DF007E0041CE49 /* unit_base.cpp */ = {isa = PBXFileReference; fileEncoding = 4; lastKnownFileType = sourcecode.cpp.cpp; path = unit_base.cpp; sourceTree = "<group>"; };
		222AC0D217DF007E0041CE49 /* unit_base.h */ = {isa = PBXFileReference; fileEncoding = 4; lastKnownFileType = sourcecode.c.h; path = unit_base.h; sourceTree = "<group>"; };
		222AC0E017DF007E0041CE49 /* oriole_object.cpp */ = {isa = PBXFileReference; fileEncoding = 4; lastKnownFileType = sourcecode.cpp.cpp; path = oriole_object.cpp; sourceTree = "<group>"; };
		222AC0E117DF007E0041CE49 /* oriole_object.h */ = {isa = PBXFileReference; fileEncoding = 4; lastKnownFileType = sourcecode.c.h; path = oriole_object.h; sourceTree = "<group>"; };
		222AC0E217DF007E0041CE49 /* oriole_pch.h */ = {isa = PBXFileReference; fileEncoding = 4; lastKnownFileType = sourcecode.c.h; path = oriole_pch.h; sourceTree = "<group>"; };
		222AC0E317DF007E0041CE49 /* oriole_room.cpp */ = {isa = PBXFileReference; fileEncoding = 4; lastKnownFileType = sourcecode.cpp.cpp; path = oriole_room.cpp; sourceTree = "<group>"; };
		222AC0E417DF007E0041CE49 /* oriole_room.h */ = {isa = PBXFileReference; fileEncoding = 4; lastKnownFileType = sourcecode.c.h; path = oriole_room.h; sourceTree = "<group>"; };
		222AC0E517DF007E0041CE49 /* oriole_service.cpp */ = {isa = PBXFileReference; fileEncoding = 4; lastKnownFileType = sourcecode.cpp.cpp; path = oriole_service.cpp; sourceTree = "<group>"; };
		222AC0E617DF007E0041CE49 /* oriole_service.h */ = {isa = PBXFileReference; fileEncoding = 4; lastKnownFileType = sourcecode.c.h; path = oriole_service.h; sourceTree = "<group>"; };
		222AC0E717DF007E0041CE49 /* oriole_user.cpp */ = {isa = PBXFileReference; fileEncoding = 4; lastKnownFileType = sourcecode.cpp.cpp; path = oriole_user.cpp; sourceTree = "<group>"; };
		222AC0E817DF007E0041CE49 /* oriole_user.h */ = {isa = PBXFileReference; fileEncoding = 4; lastKnownFileType = sourcecode.c.h; path = oriole_user.h; sourceTree = "<group>"; };
		222AC0E917DF007E0041CE49 /* ReadMe.txt */ = {isa = PBXFileReference; fileEncoding = 4; lastKnownFileType = text; path = ReadMe.txt; sourceTree = "<group>"; };
		222AC10917DF020A0041CE49 /* oriole.dylib */ = {isa = PBXFileReference; explicitFileType = "compiled.mach-o.dylib"; includeInIndex = 0; path = oriole.dylib; sourceTree = BUILT_PRODUCTS_DIR; };
		222AC10B17DF020A0041CE49 /* Cocoa.framework */ = {isa = PBXFileReference; lastKnownFileType = wrapper.framework; name = Cocoa.framework; path = System/Library/Frameworks/Cocoa.framework; sourceTree = SDKROOT; };
		222AC10E17DF020A0041CE49 /* AppKit.framework */ = {isa = PBXFileReference; lastKnownFileType = wrapper.framework; name = AppKit.framework; path = System/Library/Frameworks/AppKit.framework; sourceTree = SDKROOT; };
		222AC10F17DF020A0041CE49 /* CoreData.framework */ = {isa = PBXFileReference; lastKnownFileType = wrapper.framework; name = CoreData.framework; path = System/Library/Frameworks/CoreData.framework; sourceTree = SDKROOT; };
		222AC11017DF020A0041CE49 /* Foundation.framework */ = {isa = PBXFileReference; lastKnownFileType = wrapper.framework; name = Foundation.framework; path = System/Library/Frameworks/Foundation.framework; sourceTree = SDKROOT; };
		222AC12817DF030F0041CE49 /* libosutil.a */ = {isa = PBXFileReference; explicitFileType = archive.ar; includeInIndex = 0; path = libosutil.a; sourceTree = BUILT_PRODUCTS_DIR; };
		222AC12D17DF03300041CE49 /* asiosocket.cpp */ = {isa = PBXFileReference; fileEncoding = 4; lastKnownFileType = sourcecode.cpp.cpp; path = asiosocket.cpp; sourceTree = "<group>"; };
		222AC12E17DF03300041CE49 /* asiosocket.h */ = {isa = PBXFileReference; fileEncoding = 4; lastKnownFileType = sourcecode.c.h; path = asiosocket.h; sourceTree = "<group>"; };
		222AC12F17DF03300041CE49 /* bigint.cpp */ = {isa = PBXFileReference; fileEncoding = 4; lastKnownFileType = sourcecode.cpp.cpp; path = bigint.cpp; sourceTree = "<group>"; };
		222AC13017DF03300041CE49 /* bigint.h */ = {isa = PBXFileReference; fileEncoding = 4; lastKnownFileType = sourcecode.c.h; path = bigint.h; sourceTree = "<group>"; };
		222AC13117DF03300041CE49 /* cross_macro.h */ = {isa = PBXFileReference; fileEncoding = 4; lastKnownFileType = sourcecode.c.h; path = cross_macro.h; sourceTree = "<group>"; };
		222AC13217DF03300041CE49 /* iosUtils.h */ = {isa = PBXFileReference; fileEncoding = 4; lastKnownFileType = sourcecode.c.h; path = iosUtils.h; sourceTree = "<group>"; };
		222AC13317DF03300041CE49 /* logmacro.h */ = {isa = PBXFileReference; fileEncoding = 4; lastKnownFileType = sourcecode.c.h; path = logmacro.h; sourceTree = "<group>"; };
		222AC13417DF03300041CE49 /* macUtils.cpp */ = {isa = PBXFileReference; fileEncoding = 4; lastKnownFileType = sourcecode.cpp.cpp; path = macUtils.cpp; sourceTree = "<group>"; };
		222AC13517DF03300041CE49 /* macUtils.h */ = {isa = PBXFileReference; fileEncoding = 4; lastKnownFileType = sourcecode.c.h; path = macUtils.h; sourceTree = "<group>"; };
		222AC13917DF03300041CE49 /* oslog.cpp */ = {isa = PBXFileReference; fileEncoding = 4; lastKnownFileType = sourcecode.cpp.cpp; path = oslog.cpp; sourceTree = "<group>"; };
		222AC13A17DF03300041CE49 /* oslog.h */ = {isa = PBXFileReference; fileEncoding = 4; lastKnownFileType = sourcecode.c.h; path = oslog.h; sourceTree = "<group>"; };
		222AC13B17DF03300041CE49 /* ospch.h */ = {isa = PBXFileReference; fileEncoding = 4; lastKnownFileType = sourcecode.c.h; path = ospch.h; sourceTree = "<group>"; };
		222AC13C17DF03300041CE49 /* osutil.cpp */ = {isa = PBXFileReference; fileEncoding = 4; lastKnownFileType = sourcecode.cpp.cpp; path = osutil.cpp; sourceTree = "<group>"; };
		222AC13D17DF03300041CE49 /* osutils.h */ = {isa = PBXFileReference; fileEncoding = 4; lastKnownFileType = sourcecode.c.h; path = osutils.h; sourceTree = "<group>"; };
		222AC13E17DF03300041CE49 /* ReadMe.txt */ = {isa = PBXFileReference; fileEncoding = 4; lastKnownFileType = text; path = ReadMe.txt; sourceTree = "<group>"; };
		22BC2D6817E7032C00B3BF5B /* libprotobuf.a */ = {isa = PBXFileReference; lastKnownFileType = archive.ar; name = libprotobuf.a; path = ../../../../../../../usr/local/lib/libprotobuf.a; sourceTree = "<group>"; };
		22BC2D6A17E703C300B3BF5B /* libprotobuf-lite.a */ = {isa = PBXFileReference; lastKnownFileType = archive.ar; name = "libprotobuf-lite.a"; path = "../../../../../../../usr/local/lib/libprotobuf-lite.a"; sourceTree = "<group>"; };
		22C2EFAD17DF246000A0E9D7 /* log4cpp.xcodeproj */ = {isa = PBXFileReference; lastKnownFileType = "wrapper.pb-project"; name = log4cpp.xcodeproj; path = "../../../../../work/opensource/log4cpp-1.0/macbuild/log4cpp/log4cpp.xcodeproj"; sourceTree = "<group>"; };
/* End PBXFileReference section */

/* Begin PBXFrameworksBuildPhase section */
		222AC07917DEFF9F0041CE49 /* Frameworks */ = {
			isa = PBXFrameworksBuildPhase;
			buildActionMask = 2147483647;
			files = (
				22C2EFB317DF247A00A0E9D7 /* liblog4cpp.a in Frameworks */,
				22BD32FE17DF0C04003F0203 /* libosutil.a in Frameworks */,
			);
			runOnlyForDeploymentPostprocessing = 0;
		};
		222AC10617DF020A0041CE49 /* Frameworks */ = {
			isa = PBXFrameworksBuildPhase;
			buildActionMask = 2147483647;
			files = (
				22BD32FF17DF0C0D003F0203 /* libosutil.a in Frameworks */,
				222AC10C17DF020A0041CE49 /* Cocoa.framework in Frameworks */,
			);
			runOnlyForDeploymentPostprocessing = 0;
		};
		222AC12517DF030F0041CE49 /* Frameworks */ = {
			isa = PBXFrameworksBuildPhase;
			buildActionMask = 2147483647;
			files = (
			);
			runOnlyForDeploymentPostprocessing = 0;
		};
/* End PBXFrameworksBuildPhase section */

/* Begin PBXGroup section */
		222AC07317DEFF9F0041CE49 = {
			isa = PBXGroup;
			children = (
				22BC2D6A17E703C300B3BF5B /* libprotobuf-lite.a */,
				22BC2D6817E7032C00B3BF5B /* libprotobuf.a */,
				222AC12C17DF03300041CE49 /* os_util */,
				222AC0A817DF007E0041CE49 /* protocol */,
				222AC0B617DF007E0041CE49 /* server */,
				222AC10A17DF020A0041CE49 /* Frameworks */,
				222AC07D17DEFF9F0041CE49 /* Products */,
				22C2EFAD17DF246000A0E9D7 /* log4cpp.xcodeproj */,
			);
			sourceTree = "<group>";
		};
		222AC07D17DEFF9F0041CE49 /* Products */ = {
			isa = PBXGroup;
			children = (
				222AC07C17DEFF9F0041CE49 /* kad_node */,
				222AC10917DF020A0041CE49 /* oriole.dylib */,
				222AC12817DF030F0041CE49 /* libosutil.a */,
			);
			name = Products;
			sourceTree = "<group>";
		};
		222AC0A817DF007E0041CE49 /* protocol */ = {
			isa = PBXGroup;
			children = (
				222AC0AA17DF007E0041CE49 /* o_conf.pb.cc */,
				222AC0AB17DF007E0041CE49 /* o_conf.pb.h */,
				222AC0AC17DF007E0041CE49 /* o_conf.proto */,
				222AC0AD17DF007E0041CE49 /* o_net_conf.pb.cc */,
				222AC0AE17DF007E0041CE49 /* o_net_conf.pb.h */,
				222AC0AF17DF007E0041CE49 /* o_net_conf.proto */,
				222AC0B017DF007E0041CE49 /* o_net_ctrl.pb.cc */,
				222AC0B117DF007E0041CE49 /* o_net_ctrl.pb.h */,
				222AC0B217DF007E0041CE49 /* o_net_ctrl.proto */,
				222AC0B317DF007E0041CE49 /* o_s_user.pb.cc */,
				222AC0B417DF007E0041CE49 /* o_s_user.pb.h */,
				222AC0B517DF007E0041CE49 /* o_s_user.proto */,
			);
			name = protocol;
			path = ../../../protocol;
			sourceTree = "<group>";
		};
		222AC0B617DF007E0041CE49 /* server */ = {
			isa = PBXGroup;
			children = (
				222AC0B717DF007E0041CE49 /* kad_node */,
				222AC0DB17DF007E0041CE49 /* oriole */,
			);
			name = server;
			path = ../..;
			sourceTree = "<group>";
		};
		222AC0B717DF007E0041CE49 /* kad_node */ = {
			isa = PBXGroup;
			children = (
				222AC0B817DF007E0041CE49 /* kad_net.cpp */,
				222AC0B917DF007E0041CE49 /* kad_net.h */,
				222AC0BA17DF007E0041CE49 /* kad_net_ctrl.cpp */,
				222AC0BB17DF007E0041CE49 /* kad_net_ctrl.h */,
				222AC0BC17DF007E0041CE49 /* kad_node.cpp */,
				222AC0C317DF007E0041CE49 /* kad_node_netunit.cpp */,
				222AC0C417DF007E0041CE49 /* kad_node_netunit.h */,
				222AC0C517DF007E0041CE49 /* kad_node_proxy.cpp */,
				222AC0C617DF007E0041CE49 /* kad_node_proxy.h */,
				222AC0C717DF007E0041CE49 /* MsgDispatchor.cpp */,
				222AC0C817DF007E0041CE49 /* MsgDispatchor.h */,
				222AC0C917DF007E0041CE49 /* ReadMe.txt */,
				222AC0CA17DF007E0041CE49 /* service_frm.cpp */,
				222AC0CB17DF007E0041CE49 /* service_frm.h */,
				222AC0CC17DF007E0041CE49 /* static_module.cpp */,
				222AC0CE17DF007E0041CE49 /* stdafx.h */,
				222AC0CF17DF007E0041CE49 /* task_mgr.cpp */,
				222AC0D017DF007E0041CE49 /* task_mgr.h */,
				222AC0D117DF007E0041CE49 /* unit_base.cpp */,
				222AC0D217DF007E0041CE49 /* unit_base.h */,
				2223B91D17E1BD020055FC14 /* msg_flow.cpp */,
				2223B91E17E1BD020055FC14 /* msg_flow.h */,
			);
			path = kad_node;
			sourceTree = "<group>";
		};
		222AC0DB17DF007E0041CE49 /* oriole */ = {
			isa = PBXGroup;
			children = (
				222AC0E017DF007E0041CE49 /* oriole_object.cpp */,
				222AC0E117DF007E0041CE49 /* oriole_object.h */,
				222AC0E217DF007E0041CE49 /* oriole_pch.h */,
				222AC0E317DF007E0041CE49 /* oriole_room.cpp */,
				222AC0E417DF007E0041CE49 /* oriole_room.h */,
				222AC0E517DF007E0041CE49 /* oriole_service.cpp */,
				222AC0E617DF007E0041CE49 /* oriole_service.h */,
				222AC0E717DF007E0041CE49 /* oriole_user.cpp */,
				222AC0E817DF007E0041CE49 /* oriole_user.h */,
				222AC0E917DF007E0041CE49 /* ReadMe.txt */,
			);
			path = oriole;
			sourceTree = "<group>";
		};
		222AC10A17DF020A0041CE49 /* Frameworks */ = {
			isa = PBXGroup;
			children = (
				222AC10B17DF020A0041CE49 /* Cocoa.framework */,
				222AC10D17DF020A0041CE49 /* Other Frameworks */,
			);
			name = Frameworks;
			sourceTree = "<group>";
		};
		222AC10D17DF020A0041CE49 /* Other Frameworks */ = {
			isa = PBXGroup;
			children = (
				222AC10E17DF020A0041CE49 /* AppKit.framework */,
				222AC10F17DF020A0041CE49 /* CoreData.framework */,
				222AC11017DF020A0041CE49 /* Foundation.framework */,
			);
			name = "Other Frameworks";
			sourceTree = "<group>";
		};
		222AC12C17DF03300041CE49 /* os_util */ = {
			isa = PBXGroup;
			children = (
				222AC12D17DF03300041CE49 /* asiosocket.cpp */,
				222AC12E17DF03300041CE49 /* asiosocket.h */,
				222AC12F17DF03300041CE49 /* bigint.cpp */,
				222AC13017DF03300041CE49 /* bigint.h */,
				222AC13117DF03300041CE49 /* cross_macro.h */,
				222AC13217DF03300041CE49 /* iosUtils.h */,
				222AC13317DF03300041CE49 /* logmacro.h */,
				222AC13417DF03300041CE49 /* macUtils.cpp */,
				222AC13517DF03300041CE49 /* macUtils.h */,
				222AC13917DF03300041CE49 /* oslog.cpp */,
				222AC13A17DF03300041CE49 /* oslog.h */,
				222AC13B17DF03300041CE49 /* ospch.h */,
				222AC13C17DF03300041CE49 /* osutil.cpp */,
				222AC13D17DF03300041CE49 /* osutils.h */,
				222AC13E17DF03300041CE49 /* ReadMe.txt */,
			);
			name = os_util;
			path = ../../../os_util;
			sourceTree = "<group>";
		};
		22C2EFAE17DF246000A0E9D7 /* Products */ = {
			isa = PBXGroup;
			children = (
				22C2EFB217DF246000A0E9D7 /* liblog4cpp.a */,
			);
			name = Products;
			sourceTree = "<group>";
		};
/* End PBXGroup section */

/* Begin PBXHeadersBuildPhase section */
		222AC10717DF020A0041CE49 /* Headers */ = {
			isa = PBXHeadersBuildPhase;
			buildActionMask = 2147483647;
			files = (
			);
			runOnlyForDeploymentPostprocessing = 0;
		};
		222AC12617DF030F0041CE49 /* Headers */ = {
			isa = PBXHeadersBuildPhase;
			buildActionMask = 2147483647;
			files = (
				222AC14017DF03300041CE49 /* asiosocket.h in Headers */,
				222AC14217DF03300041CE49 /* bigint.h in Headers */,
				222AC14317DF03300041CE49 /* cross_macro.h in Headers */,
				222AC14417DF03300041CE49 /* iosUtils.h in Headers */,
				222AC14517DF03300041CE49 /* logmacro.h in Headers */,
				222AC14717DF03300041CE49 /* macUtils.h in Headers */,
				222AC14917DF03300041CE49 /* oslog.h in Headers */,
				222AC14A17DF03300041CE49 /* ospch.h in Headers */,
				222AC14C17DF03300041CE49 /* osutils.h in Headers */,
			);
			runOnlyForDeploymentPostprocessing = 0;
		};
/* End PBXHeadersBuildPhase section */

/* Begin PBXNativeTarget section */
		222AC07B17DEFF9F0041CE49 /* kad_node */ = {
			isa = PBXNativeTarget;
			buildConfigurationList = 222AC08517DEFF9F0041CE49 /* Build configuration list for PBXNativeTarget "kad_node" */;
			buildPhases = (
				222AC07817DEFF9F0041CE49 /* Sources */,
				222AC07917DEFF9F0041CE49 /* Frameworks */,
				222AC07A17DEFF9F0041CE49 /* CopyFiles */,
			);
			buildRules = (
			);
			dependencies = (
			);
			name = kad_node;
			productName = oriole;
			productReference = 222AC07C17DEFF9F0041CE49 /* kad_node */;
			productType = "com.apple.product-type.tool";
		};
		222AC10817DF020A0041CE49 /* oriole */ = {
			isa = PBXNativeTarget;
			buildConfigurationList = 222AC11717DF020A0041CE49 /* Build configuration list for PBXNativeTarget "oriole" */;
			buildPhases = (
				222AC10517DF020A0041CE49 /* Sources */,
				222AC10617DF020A0041CE49 /* Frameworks */,
				222AC10717DF020A0041CE49 /* Headers */,
			);
			buildRules = (
			);
			dependencies = (
			);
			name = oriole;
			productName = oriole;
			productReference = 222AC10917DF020A0041CE49 /* oriole.dylib */;
			productType = "com.apple.product-type.library.dynamic";
		};
		222AC12717DF030F0041CE49 /* osutil */ = {
			isa = PBXNativeTarget;
			buildConfigurationList = 222AC12917DF030F0041CE49 /* Build configuration list for PBXNativeTarget "osutil" */;
			buildPhases = (
				222AC12417DF030F0041CE49 /* Sources */,
				222AC12517DF030F0041CE49 /* Frameworks */,
				222AC12617DF030F0041CE49 /* Headers */,
			);
			buildRules = (
			);
			dependencies = (
			);
			name = osutil;
			productName = osutil;
			productReference = 222AC12817DF030F0041CE49 /* libosutil.a */;
			productType = "com.apple.product-type.library.static";
		};
/* End PBXNativeTarget section */

/* Begin PBXProject section */
		222AC07417DEFF9F0041CE49 /* Project object */ = {
			isa = PBXProject;
			attributes = {
				LastUpgradeCheck = 0460;
				ORGANIZATIONNAME = simon;
			};
			buildConfigurationList = 222AC07717DEFF9F0041CE49 /* Build configuration list for PBXProject "oriole" */;
			compatibilityVersion = "Xcode 3.2";
			developmentRegion = English;
			hasScannedForEncodings = 0;
			knownRegions = (
				en,
			);
			mainGroup = 222AC07317DEFF9F0041CE49;
			productRefGroup = 222AC07D17DEFF9F0041CE49 /* Products */;
			projectDirPath = "";
			projectReferences = (
				{
					ProductGroup = 22C2EFAE17DF246000A0E9D7 /* Products */;
					ProjectRef = 22C2EFAD17DF246000A0E9D7 /* log4cpp.xcodeproj */;
				},
			);
			projectRoot = "";
			targets = (
				222AC07B17DEFF9F0041CE49 /* kad_node */,
				222AC10817DF020A0041CE49 /* oriole */,
				222AC12717DF030F0041CE49 /* osutil */,
			);
		};
/* End PBXProject section */

/* Begin PBXReferenceProxy section */
		22C2EFB217DF246000A0E9D7 /* liblog4cpp.a */ = {
			isa = PBXReferenceProxy;
			fileType = archive.ar;
			path = liblog4cpp.a;
			remoteRef = 22C2EFB117DF246000A0E9D7 /* PBXContainerItemProxy */;
			sourceTree = BUILT_PRODUCTS_DIR;
		};
/* End PBXReferenceProxy section */

/* Begin PBXSourcesBuildPhase section */
		222AC07817DEFF9F0041CE49 /* Sources */ = {
			isa = PBXSourcesBuildPhase;
			buildActionMask = 2147483647;
			files = (
				222AC0F017DF007E0041CE49 /* o_conf.pb.cc in Sources */,
				222AC0F117DF007E0041CE49 /* o_net_conf.pb.cc in Sources */,
				222AC0F217DF007E0041CE49 /* o_net_ctrl.pb.cc in Sources */,
				222AC0F417DF007E0041CE49 /* kad_net.cpp in Sources */,
				222AC0F517DF007E0041CE49 /* kad_net_ctrl.cpp in Sources */,
				222AC0F617DF007E0041CE49 /* kad_node.cpp in Sources */,
				222AC0F717DF007E0041CE49 /* kad_node_netunit.cpp in Sources */,
				222AC0F817DF007E0041CE49 /* kad_node_proxy.cpp in Sources */,
				222AC0F917DF007E0041CE49 /* MsgDispatchor.cpp in Sources */,
				222AC0FA17DF007E0041CE49 /* service_frm.cpp in Sources */,
				222AC0FB17DF007E0041CE49 /* static_module.cpp in Sources */,
				222AC0FD17DF007E0041CE49 /* task_mgr.cpp in Sources */,
				222AC0FE17DF007E0041CE49 /* unit_base.cpp in Sources */,
				2223B91F17E1BD020055FC14 /* msg_flow.cpp in Sources */,
			);
			runOnlyForDeploymentPostprocessing = 0;
		};
		222AC10517DF020A0041CE49 /* Sources */ = {
			isa = PBXSourcesBuildPhase;
			buildActionMask = 2147483647;
			files = (
				222AC12317DF028E0041CE49 /* o_s_user.pb.cc in Sources */,
				222AC11A17DF026D0041CE49 /* oriole_object.cpp in Sources */,
				222AC11D17DF026D0041CE49 /* oriole_room.cpp in Sources */,
				222AC11F17DF026E0041CE49 /* oriole_service.cpp in Sources */,
				222AC12117DF026E0041CE49 /* oriole_user.cpp in Sources */,
			);
			runOnlyForDeploymentPostprocessing = 0;
		};
		222AC12417DF030F0041CE49 /* Sources */ = {
			isa = PBXSourcesBuildPhase;
			buildActionMask = 2147483647;
			files = (
				222AC13F17DF03300041CE49 /* asiosocket.cpp in Sources */,
				222AC14117DF03300041CE49 /* bigint.cpp in Sources */,
				222AC14617DF03300041CE49 /* macUtils.cpp in Sources */,
				222AC14817DF03300041CE49 /* oslog.cpp in Sources */,
				222AC14B17DF03300041CE49 /* osutil.cpp in Sources */,
			);
			runOnlyForDeploymentPostprocessing = 0;
		};
/* End PBXSourcesBuildPhase section */

/* Begin XCBuildConfiguration section */
		222AC08317DEFF9F0041CE49 /* Debug */ = {
			isa = XCBuildConfiguration;
			buildSettings = {
				ALWAYS_SEARCH_USER_PATHS = NO;
				ARCHS = "$(ARCHS_STANDARD_64_BIT)";
				CLANG_CXX_LANGUAGE_STANDARD = "gnu++0x";
				CLANG_CXX_LIBRARY = "libc++";
				CLANG_ENABLE_OBJC_ARC = YES;
				CLANG_WARN_CONSTANT_CONVERSION = YES;
				CLANG_WARN_EMPTY_BODY = YES;
				CLANG_WARN_ENUM_CONVERSION = YES;
				CLANG_WARN_INT_CONVERSION = YES;
				CLANG_WARN__DUPLICATE_METHOD_MATCH = YES;
				COPY_PHASE_STRIP = NO;
				GCC_C_LANGUAGE_STANDARD = gnu99;
				GCC_DYNAMIC_NO_PIC = NO;
				GCC_ENABLE_OBJC_EXCEPTIONS = YES;
				GCC_OPTIMIZATION_LEVEL = 0;
				GCC_PREPROCESSOR_DEFINITIONS = (
					"DEBUG=1",
					"$(inherited)",
				);
				GCC_SYMBOLS_PRIVATE_EXTERN = NO;
				GCC_WARN_64_TO_32_BIT_CONVERSION = YES;
				GCC_WARN_ABOUT_RETURN_TYPE = YES;
				GCC_WARN_UNINITIALIZED_AUTOS = YES;
				GCC_WARN_UNUSED_VARIABLE = YES;
				HEADER_SEARCH_PATHS = (
					../../../,
					../../../os_util,
					../../,
					"/Users/MacOS/work/opensource/log4cpp-1.0/include",
					/Users/MacOS/work/opensource/boost/include,
					/usr/local/include,
				);
				LIBRARY_SEARCH_PATHS = (
					/Users/MacOS/work/opensource/boost/lib,
					/usr/local/lib,
				);
				MACOSX_DEPLOYMENT_TARGET = 10.8;
				ONLY_ACTIVE_ARCH = YES;
				OTHER_LDFLAGS = "-lboost_thread";
				SDKROOT = macosx;
			};
			name = Debug;
		};
		222AC08417DEFF9F0041CE49 /* Release */ = {
			isa = XCBuildConfiguration;
			buildSettings = {
				ALWAYS_SEARCH_USER_PATHS = NO;
				ARCHS = "$(ARCHS_STANDARD_64_BIT)";
				CLANG_CXX_LANGUAGE_STANDARD = "gnu++0x";
				CLANG_CXX_LIBRARY = "libc++";
				CLANG_ENABLE_OBJC_ARC = YES;
				CLANG_WARN_CONSTANT_CONVERSION = YES;
				CLANG_WARN_EMPTY_BODY = YES;
				CLANG_WARN_ENUM_CONVERSION = YES;
				CLANG_WARN_INT_CONVERSION = YES;
				CLANG_WARN__DUPLICATE_METHOD_MATCH = YES;
				COPY_PHASE_STRIP = YES;
				DEBUG_INFORMATION_FORMAT = "dwarf-with-dsym";
				GCC_C_LANGUAGE_STANDARD = gnu99;
				GCC_ENABLE_OBJC_EXCEPTIONS = YES;
				GCC_WARN_64_TO_32_BIT_CONVERSION = YES;
				GCC_WARN_ABOUT_RETURN_TYPE = YES;
				GCC_WARN_UNINITIALIZED_AUTOS = YES;
				GCC_WARN_UNUSED_VARIABLE = YES;
				HEADER_SEARCH_PATHS = (
					../../../,
					../../../os_util,
					../../,
					"/Users/MacOS/work/opensource/log4cpp-1.0/include",
					/Users/MacOS/work/opensource/boost/include,
					/usr/local/include,
				);
				LIBRARY_SEARCH_PATHS = (
					/Users/MacOS/work/opensource/boost/lib,
					/usr/local/lib,
				);
				MACOSX_DEPLOYMENT_TARGET = 10.8;
				OTHER_LDFLAGS = "-lboost_thread";
				SDKROOT = macosx;
			};
			name = Release;
		};
		222AC08617DEFF9F0041CE49 /* Debug */ = {
			isa = XCBuildConfiguration;
			buildSettings = {
				OTHER_CPLUSPLUSFLAGS = "$(OTHER_CFLAGS)";
				OTHER_LDFLAGS = (
					"-lboost_system",
					"-lboost_thread",
					"-lprotobuf",
				);
				PRODUCT_NAME = "$(TARGET_NAME)";
			};
			name = Debug;
		};
		222AC08717DEFF9F0041CE49 /* Release */ = {
			isa = XCBuildConfiguration;
			buildSettings = {
				OTHER_CPLUSPLUSFLAGS = "$(OTHER_CFLAGS)";
				OTHER_LDFLAGS = (
					"-lboost_system",
					"-lboost_thread",
					"-lprotobuf",
				);
				PRODUCT_NAME = "$(TARGET_NAME)";
			};
			name = Release;
		};
		222AC11817DF020A0041CE49 /* Debug */ = {
			isa = XCBuildConfiguration;
			buildSettings = {
				DYLIB_COMPATIBILITY_VERSION = 1;
				DYLIB_CURRENT_VERSION = 1;
				GCC_PRECOMPILE_PREFIX_HEADER = YES;
				GCC_PREFIX_HEADER = "oriole/oriole-Prefix.pch";
				PRODUCT_NAME = "$(TARGET_NAME)";
			};
			name = Debug;
		};
		222AC11917DF020A0041CE49 /* Release */ = {
			isa = XCBuildConfiguration;
			buildSettings = {
				DYLIB_COMPATIBILITY_VERSION = 1;
				DYLIB_CURRENT_VERSION = 1;
				GCC_PRECOMPILE_PREFIX_HEADER = YES;
				GCC_PREFIX_HEADER = "oriole/oriole-Prefix.pch";
				PRODUCT_NAME = "$(TARGET_NAME)";
			};
			name = Release;
		};
		222AC12A17DF030F0041CE49 /* Debug */ = {
			isa = XCBuildConfiguration;
			buildSettings = {
				EXECUTABLE_PREFIX = lib;
				PRODUCT_NAME = "$(TARGET_NAME)";
			};
			name = Debug;
		};
		222AC12B17DF030F0041CE49 /* Release */ = {
			isa = XCBuildConfiguration;
			buildSettings = {
				EXECUTABLE_PREFIX = lib;
				PRODUCT_NAME = "$(TARGET_NAME)";
			};
			name = Release;
		};
/* End XCBuildConfiguration section */

/* Begin XCConfigurationList section */
		222AC07717DEFF9F0041CE49 /* Build configuration list for PBXProject "oriole" */ = {
			isa = XCConfigurationList;
			buildConfigurations = (
				222AC08317DEFF9F0041CE49 /* Debug */,
				222AC08417DEFF9F0041CE49 /* Release */,
			);
			defaultConfigurationIsVisible = 0;
			defaultConfigurationName = Release;
		};
		222AC08517DEFF9F0041CE49 /* Build configuration list for PBXNativeTarget "kad_node" */ = {
			isa = XCConfigurationList;
			buildConfigurations = (
				222AC08617DEFF9F0041CE49 /* Debug */,
				222AC08717DEFF9F0041CE49 /* Release */,
			);
			defaultConfigurationIsVisible = 0;
			defaultConfigurationName = Release;
		};
		222AC11717DF020A0041CE49 /* Build configuration list for PBXNativeTarget "oriole" */ = {
			isa = XCConfigurationList;
			buildConfigurations = (
				222AC11817DF020A0041CE49 /* Debug */,
				222AC11917DF020A0041CE49 /* Release */,
			);
			defaultConfigurationIsVisible = 0;
			defaultConfigurationName = Release;
		};
		222AC12917DF030F0041CE49 /* Build configuration list for PBXNativeTarget "osutil" */ = {
			isa = XCConfigurationList;
			buildConfigurations = (
				222AC12A17DF030F0041CE49 /* Debug */,
				222AC12B17DF030F0041CE49 /* Release */,
			);
			defaultConfigurationIsVisible = 0;
			defaultConfigurationName = Release;
		};
/* End XCConfigurationList section */
	};
	rootObject = 222AC07417DEFF9F0041CE49 /* Project object */;
}
